
Microsoft Visual Studio Solution File, Format Version 12.00
# Visual Studio Version 17
VisualStudioVersion = 17.7.34031.279
MinimumVisualStudioVersion = 10.0.40219.1
Project("{FAE04EC0-301F-11D3-BF4B-00C04F79EFBC}") = "PersonalSite", "PersonalSite\PersonalSite.csproj", "{1B10E494-8C4E-4619-91C6-3DE4A8EEFC13}"
EndProject
Project("{FAE04EC0-301F-11D3-BF4B-00C04F79EFBC}") = "SiteProcessor", "SiteProcessor\SiteProcessor.csproj", "{36F462B7-CEA5-4A0D-BDAD-CCB957C0BFB4}"
EndProject
Project("{FAE04EC0-301F-11D3-BF4B-00C04F79EFBC}") = "SiteMarkdownLib", "SiteMarkdownLib\SiteMarkdownLib.csproj", "{E8AAFACE-A634-46FA-8649-A4D02EF64F20}"
EndProject
Global
	GlobalSection(SolutionConfigurationPlatforms) = preSolution
		Debug|Any CPU = Debug|Any CPU
		Release|Any CPU = Release|Any CPU
	EndGlobalSection
	GlobalSection(ProjectConfigurationPlatforms) = postSolution
		{1B10E494-8C4E-4619-91C6-3DE4A8EEFC13}.Debug|Any CPU.ActiveCfg = Debug|Any CPU
		{1B10E494-8C4E-4619-91C6-3DE4A8EEFC13}.Debug|Any CPU.Build.0 = Debug|Any CPU
		{1B10E494-8C4E-4619-91C6-3DE4A8EEFC13}.Release|Any CPU.ActiveCfg = Release|Any CPU
		{1B10E494-8C4E-4619-91C6-3DE4A8EEFC13}.Release|Any CPU.Build.0 = Release|Any CPU
		{36F462B7-CEA5-4A0D-BDAD-CCB957C0BFB4}.Debug|Any CPU.ActiveCfg = Debug|Any CPU
		{36F462B7-CEA5-4A0D-BDAD-CCB957C0BFB4}.Debug|Any CPU.Build.0 = Debug|Any CPU
		{36F462B7-CEA5-4A0D-BDAD-CCB957C0BFB4}.Release|Any CPU.ActiveCfg = Release|Any CPU
		{36F462B7-CEA5-4A0D-BDAD-CCB957C0BFB4}.Release|Any CPU.Build.0 = Release|Any CPU
		{E8AAFACE-A634-46FA-8649-A4D02EF64F20}.Debug|Any CPU.ActiveCfg = Debug|Any CPU
		{E8AAFACE-A634-46FA-8649-A4D02EF64F20}.Debug|Any CPU.Build.0 = Debug|Any CPU
		{E8AAFACE-A634-46FA-8649-A4D02EF64F20}.Release|Any CPU.ActiveCfg = Release|Any CPU
		{E8AAFACE-A634-46FA-8649-A4D02EF64F20}.Release|Any CPU.Build.0 = Release|Any CPU
	EndGlobalSection
	GlobalSection(SolutionProperties) = preSolution
		HideSolutionNode = FALSE
	EndGlobalSection
	GlobalSection(ExtensibilityGlobals) = postSolution
		SolutionGuid = {1C9240E8-87BA-4A23-A87B-FFBD62603BE6}
	EndGlobalSection
EndGlobal
